--- 
dependencies: 
  escape: 
    group: 
    - :default
    version: = 0.0.4
  rspec: 
    group: 
    - :cucumber
    version: ">= 2.0.0.beta"
  newgem: 
    group: 
    - :newgem
    version: ">= 1.5.2"
    require: []

  awesome_print: 
    group: 
    - :default
    version: = 0.2.1
  bundler: 
    group: 
    - :development
    version: ">= 0"
  hoe: 
    group: 
    - :newgem
    version: ">= 2.6.1"
  cucumber: 
    group: 
    - :cucumber
    version: = 0.8.3
  builder: 
    group: 
    - :default
    version: = 2.1.2
  RedCloth: 
    group: 
    - :default
    version: = 4.2.3
specs: 
- rake: 
    version: 0.8.7
- RedCloth: 
    version: 4.2.3
- activesupport: 
    version: 2.3.8
- awesome_print: 
    version: 0.2.1
- builder: 
    version: 2.1.2
- bundler: 
    version: 0.9.26
- diff-lcs: 
    version: 1.1.2
- trollop: 
    version: 1.16.2
- gherkin: 
    version: 2.0.2
- json_pure: 
    version: 1.4.3
- term-ansicolor: 
    version: 1.0.5
- cucumber: 
    version: 0.8.3
- escape: 
    version: 0.0.4
- rubyforge: 
    version: 2.0.4
- hoe: 
    version: 2.6.1
- rubigen: 
    version: 1.5.5
- syntax: 
    version: 1.0.0
- newgem: 
    version: 1.5.3
- rspec-core: 
    version: 2.0.0.beta.16
- rspec-expectations: 
    version: 2.0.0.beta.16
- rspec-mocks: 
    version: 2.0.0.beta.16
- rspec: 
    version: 2.0.0.beta.16
hash: 2fa03535b60734ba6b435e984c1a4f65377fddae
sources: 
- Rubygems: 
    uri: http://gemcutter.org
